
Microsoft Visual Studio Solution File, Format Version 12.00
# Visual Studio Version 17
VisualStudioVersion = 17.14.36616.10 d17.14
MinimumVisualStudioVersion = 10.0.40219.1
Project("{FAE04EC0-301F-11D3-BF4B-00C04F79EFBC}") = "Examen_Unidad4y5", "Examen_Unidad4y5\Examen_Unidad4y5.csproj", "{A8C0776A-7394-468F-908B-8C81B33B7C3C}"
EndProject
Global
	GlobalSection(SolutionConfigurationPlatforms) = preSolution
		Debug|Any CPU = Debug|Any CPU
		Release|Any CPU = Release|Any CPU
	EndGlobalSection
	GlobalSection(ProjectConfigurationPlatforms) = postSolution
		{A8C0776A-7394-468F-908B-8C81B33B7C3C}.Debug|Any CPU.ActiveCfg = Debug|Any CPU
		{A8C0776A-7394-468F-908B-8C81B33B7C3C}.Debug|Any CPU.Build.0 = Debug|Any CPU
		{A8C0776A-7394-468F-908B-8C81B33B7C3C}.Release|Any CPU.ActiveCfg = Release|Any CPU
		{A8C0776A-7394-468F-908B-8C81B33B7C3C}.Release|Any CPU.Build.0 = Release|Any CPU
	EndGlobalSection
	GlobalSection(SolutionProperties) = preSolution
		HideSolutionNode = FALSE
	EndGlobalSection
	GlobalSection(ExtensibilityGlobals) = postSolution
		SolutionGuid = {CA76191C-BEB3-4C4C-8F52-B8A9DFDC36B9}
	EndGlobalSection
EndGlobal
